<?xml version="1.0" encoding="UTF-8" standalone="yes" ?>
<CodeBlocks_project_file>
	<FileVersion major="1" minor="6" />
	<Project>
		<Option title="Polyworld" />
		<Option makefile_is_custom="1" />
		<Option pch_mode="2" />
		<Option compiler="gcc" />
		<Build>
			<Target title="./Polyworld">
				<Option output="./Polyworld" prefix_auto="1" extension_auto="1" />
				<Option object_output="bld/obj/Debug/" />
				<Option type="1" />
				<Option compiler="gcc" />
				<Compiler>
					<Add option="-g" />
				</Compiler>
			</Target>
		</Build>
		<Compiler>
			<Add option="-Wall" />
		</Compiler>
		<Unit filename="src/agent/AgentAttachedData.cpp" />
		<Unit filename="src/agent/AgentAttachedData.h" />
		<Unit filename="src/agent/AgentListener.h" />
		<Unit filename="src/agent/AgentPovRenderer.cpp" />
		<Unit filename="src/agent/AgentPovRenderer.h" />
		<Unit filename="src/agent/BeingCarriedSensor.cpp" />
		<Unit filename="src/agent/BeingCarriedSensor.h" />
		<Unit filename="src/agent/CarryingSensor.cpp" />
		<Unit filename="src/agent/CarryingSensor.h" />
		<Unit filename="src/agent/EnergySensor.cpp" />
		<Unit filename="src/agent/EnergySensor.h" />
		<Unit filename="src/agent/HearingSensor.cpp" />
		<Unit filename="src/agent/HearingSensor.h" />
		<Unit filename="src/agent/LifeSpan.cpp" />
		<Unit filename="src/agent/LifeSpan.h" />
		<Unit filename="src/agent/MateWaitSensor.cpp" />
		<Unit filename="src/agent/MateWaitSensor.h" />
		<Unit filename="src/agent/Metabolism.cpp" />
		<Unit filename="src/agent/Metabolism.h" />
		<Unit filename="src/agent/RandomSensor.cpp" />
		<Unit filename="src/agent/RandomSensor.h" />
		<Unit filename="src/agent/Retina.cpp" />
		<Unit filename="src/agent/Retina.h" />
		<Unit filename="src/agent/SpeedSensor.cpp" />
		<Unit filename="src/agent/SpeedSensor.h" />
		<Unit filename="src/agent/agent.cpp" />
		<Unit filename="src/agent/agent.h" />
		<Unit filename="src/app/Domain.h" />
		<Unit filename="src/app/EatStatistics.cpp" />
		<Unit filename="src/app/EatStatistics.h" />
		<Unit filename="src/app/FittestList.cpp" />
		<Unit filename="src/app/FittestList.h" />
		<Unit filename="src/app/GeneStats.cpp" />
		<Unit filename="src/app/GeneStats.h" />
		<Unit filename="src/app/Scheduler.cpp" />
		<Unit filename="src/app/Scheduler.h" />
		<Unit filename="src/app/Simulation.cpp" />
		<Unit filename="src/app/Simulation.h" />
		<Unit filename="src/app/debug.cpp" />
		<Unit filename="src/app/debug.h" />
		<Unit filename="src/app/globals.cpp" />
		<Unit filename="src/app/globals.h" />
		<Unit filename="src/app/simconst.h" />
		<Unit filename="src/app/simtypes.cpp" />
		<Unit filename="src/app/simtypes.h" />
		<Unit filename="src/app/trials.cpp" />
		<Unit filename="src/app/trials.h" />
		<Unit filename="src/brain/BaseNeuronModel.h" />
		<Unit filename="src/brain/Brain.cpp" />
		<Unit filename="src/brain/Brain.h" />
		<Unit filename="src/brain/FiringRateModel.cpp" />
		<Unit filename="src/brain/FiringRateModel.h" />
		<Unit filename="src/brain/FiringRateModel_Common.h" />
		<Unit filename="src/brain/FiringRateModel_Cuda.h" />
		<Unit filename="src/brain/Nerve.cpp" />
		<Unit filename="src/brain/Nerve.h" />
		<Unit filename="src/brain/NervousSystem.cpp" />
		<Unit filename="src/brain/NervousSystem.h" />
		<Unit filename="src/brain/NeuralNetRenderer.h" />
		<Unit filename="src/brain/NeuronModel.h" />
		<Unit filename="src/brain/Sensor.h" />
		<Unit filename="src/brain/SpikingModel.cpp" />
		<Unit filename="src/brain/SpikingModel.h" />
		<Unit filename="src/brain/groups/GroupsBrain.cpp" />
		<Unit filename="src/brain/groups/GroupsBrain.h" />
		<Unit filename="src/brain/groups/GroupsNeuralNetRenderer.h" />
		<Unit filename="src/brain/sheets/SheetsBrain.cpp" />
		<Unit filename="src/brain/sheets/SheetsBrain.h" />
		<Unit filename="src/brain/sheets/SheetsModel.cpp" />
		<Unit filename="src/brain/sheets/SheetsModel.h" />
		<Unit filename="src/complexity/adami.cpp" />
		<Unit filename="src/complexity/adami.h" />
		<Unit filename="src/complexity/complexity.h" />
		<Unit filename="src/complexity/complexity_algorithm.cpp" />
		<Unit filename="src/complexity/complexity_algorithm.h" />
		<Unit filename="src/complexity/complexity_brain.cpp" />
		<Unit filename="src/complexity/complexity_brain.h" />
		<Unit filename="src/complexity/complexity_motion.cpp" />
		<Unit filename="src/complexity/complexity_motion.h" />
		<Unit filename="src/debugger/BehaviorPanel.cpp" />
		<Unit filename="src/debugger/BehaviorPanel.h" />
		<Unit filename="src/debugger/DebuggerWindow.cpp" />
		<Unit filename="src/debugger/DebuggerWindow.h" />
		<Unit filename="src/environment/BrickPatch.cpp" />
		<Unit filename="src/environment/BrickPatch.h" />
		<Unit filename="src/environment/Energy.cpp" />
		<Unit filename="src/environment/Energy.h" />
		<Unit filename="src/environment/FoodPatch.cpp" />
		<Unit filename="src/environment/FoodPatch.h" />
		<Unit filename="src/environment/FoodType.cpp" />
		<Unit filename="src/environment/FoodType.h" />
		<Unit filename="src/environment/Patch.cpp" />
		<Unit filename="src/environment/Patch.h" />
		<Unit filename="src/environment/PathDistance.cpp" />
		<Unit filename="src/environment/PathDistance.h" />
		<Unit filename="src/environment/SoundPatch.cpp" />
		<Unit filename="src/environment/SoundPatch.h" />
		<Unit filename="src/environment/barrier.cpp" />
		<Unit filename="src/environment/barrier.h" />
		<Unit filename="src/environment/brick.cpp" />
		<Unit filename="src/environment/brick.h" />
		<Unit filename="src/environment/food.cpp" />
		<Unit filename="src/environment/food.h" />
		<Unit filename="src/genome/Gene.cpp" />
		<Unit filename="src/genome/Gene.h" />
		<Unit filename="src/genome/GeneSchema.cpp" />
		<Unit filename="src/genome/GeneSchema.h" />
		<Unit filename="src/genome/Genome.cpp" />
		<Unit filename="src/genome/Genome.h" />
		<Unit filename="src/genome/GenomeLayout.cpp" />
		<Unit filename="src/genome/GenomeLayout.h" />
		<Unit filename="src/genome/GenomeSchema.cpp" />
		<Unit filename="src/genome/GenomeSchema.h" />
		<Unit filename="src/genome/GenomeUtil.cpp" />
		<Unit filename="src/genome/GenomeUtil.h" />
		<Unit filename="src/genome/NeurGroupType.h" />
		<Unit filename="src/genome/NeuronType.h" />
		<Unit filename="src/genome/SeparationCache.cpp" />
		<Unit filename="src/genome/SeparationCache.h" />
		<Unit filename="src/genome/groups/GroupsGene.cpp" />
		<Unit filename="src/genome/groups/GroupsGene.h" />
		<Unit filename="src/genome/groups/GroupsGenome.cpp" />
		<Unit filename="src/genome/groups/GroupsGenome.h" />
		<Unit filename="src/genome/groups/GroupsGenomeSchema.cpp" />
		<Unit filename="src/genome/groups/GroupsGenomeSchema.h" />
		<Unit filename="src/genome/groups/GroupsSynapseType.cpp" />
		<Unit filename="src/genome/groups/GroupsSynapseType.h" />
		<Unit filename="src/genome/sheets/SheetsCrossover.cpp" />
		<Unit filename="src/genome/sheets/SheetsCrossover.h" />
		<Unit filename="src/genome/sheets/SheetsGenome.cpp" />
		<Unit filename="src/genome/sheets/SheetsGenome.h" />
		<Unit filename="src/genome/sheets/SheetsGenomeSchema.cpp" />
		<Unit filename="src/genome/sheets/SheetsGenomeSchema.h" />
		<Unit filename="src/graphics/gcamera.cpp" />
		<Unit filename="src/graphics/gcamera.h" />
		<Unit filename="src/graphics/glight.cpp" />
		<Unit filename="src/graphics/glight.h" />
		<Unit filename="src/graphics/gline.cpp" />
		<Unit filename="src/graphics/gline.h" />
		<Unit filename="src/graphics/gmisc.cpp" />
		<Unit filename="src/graphics/gmisc.h" />
		<Unit filename="src/graphics/gobject.cpp" />
		<Unit filename="src/graphics/gobject.h" />
		<Unit filename="src/graphics/gpoint.cpp" />
		<Unit filename="src/graphics/gpoint.h" />
		<Unit filename="src/graphics/gpolygon.cpp" />
		<Unit filename="src/graphics/gpolygon.h" />
		<Unit filename="src/graphics/graphics.cpp" />
		<Unit filename="src/graphics/graphics.h" />
		<Unit filename="src/graphics/grect.cpp" />
		<Unit filename="src/graphics/grect.h" />
		<Unit filename="src/graphics/gscene.cpp" />
		<Unit filename="src/graphics/gscene.h" />
		<Unit filename="src/graphics/gsquare.cpp" />
		<Unit filename="src/graphics/gsquare.h" />
		<Unit filename="src/graphics/gstage.cpp" />
		<Unit filename="src/graphics/gstage.h" />
		<Unit filename="src/logs/Logger.cpp" />
		<Unit filename="src/logs/Logger.h" />
		<Unit filename="src/logs/Logs.cpp" />
		<Unit filename="src/logs/Logs.h" />
		<Unit filename="src/main/main.cpp" />
		<Unit filename="src/proplib/builder.cpp" />
		<Unit filename="src/proplib/builder.h" />
		<Unit filename="src/proplib/convert.cpp" />
		<Unit filename="src/proplib/convert.h" />
		<Unit filename="src/proplib/cppprops.cpp" />
		<Unit filename="src/proplib/cppprops.h" />
		<Unit filename="src/proplib/dom.cpp" />
		<Unit filename="src/proplib/dom.h" />
		<Unit filename="src/proplib/editor.cpp" />
		<Unit filename="src/proplib/editor.h" />
		<Unit filename="src/proplib/expression.cpp" />
		<Unit filename="src/proplib/expression.h" />
		<Unit filename="src/proplib/interpreter.cpp" />
		<Unit filename="src/proplib/interpreter.h" />
		<Unit filename="src/proplib/overlay.cpp" />
		<Unit filename="src/proplib/overlay.h" />
		<Unit filename="src/proplib/parser.cpp" />
		<Unit filename="src/proplib/parser.h" />
		<Unit filename="src/proplib/proplib.h" />
		<Unit filename="src/proplib/schema.cpp" />
		<Unit filename="src/proplib/schema.h" />
		<Unit filename="src/proplib/state.cpp" />
		<Unit filename="src/proplib/state.h" />
		<Unit filename="src/proplib/writer.cpp" />
		<Unit filename="src/proplib/writer.h" />
		<Unit filename="src/utils/AbstractFile.cpp" />
		<Unit filename="src/utils/AbstractFile.h" />
		<Unit filename="src/utils/Events.h" />
		<Unit filename="src/utils/Mutex.cpp" />
		<Unit filename="src/utils/Mutex.h" />
		<Unit filename="src/utils/Queue.h" />
		<Unit filename="src/utils/RandomNumberGenerator.cpp" />
		<Unit filename="src/utils/RandomNumberGenerator.h" />
		<Unit filename="src/utils/Resources.cpp" />
		<Unit filename="src/utils/Resources.h" />
		<Unit filename="src/utils/Scalar.cpp" />
		<Unit filename="src/utils/Scalar.h" />
		<Unit filename="src/utils/Variant.cpp" />
		<Unit filename="src/utils/Variant.h" />
		<Unit filename="src/utils/datalib.cpp" />
		<Unit filename="src/utils/datalib.h" />
		<Unit filename="src/utils/distributions.cpp" />
		<Unit filename="src/utils/distributions.h" />
		<Unit filename="src/utils/error.cpp" />
		<Unit filename="src/utils/error.h" />
		<Unit filename="src/utils/gdlink.h" />
		<Unit filename="src/utils/graybin.h" />
		<Unit filename="src/utils/indexlist.cpp" />
		<Unit filename="src/utils/indexlist.h" />
		<Unit filename="src/utils/misc.cpp" />
		<Unit filename="src/utils/misc.h" />
		<Unit filename="src/utils/next_combination.h" />
		<Unit filename="src/utils/objectlist.h" />
		<Unit filename="src/utils/objectxsortedlist.cpp" />
		<Unit filename="src/utils/objectxsortedlist.h" />
		<Unit filename="src/utils/pwassert.h" />
		<Unit filename="src/utils/pwmpi.cpp" />
		<Unit filename="src/utils/pwmpi.h" />
		<Unit filename="src/utils/timer.h" />
		<Extensions>
			<code_completion />
			<debugger />
		</Extensions>
	</Project>
</CodeBlocks_project_file>
